
Microsoft Visual Studio Solution File, Format Version 12.00
# Visual Studio 15
Project("{FAE04EC0-301F-11D3-BF4B-00C04F79EFBC}") = "Assembly-CSharp", "Assembly-CSharp.csproj", "{0EF245E1-BE48-C06C-F91C-B47FD0E55C74}"
EndProject
Project("{FAE04EC0-301F-11D3-BF4B-00C04F79EFBC}") = "Assembly-CSharp-Editor", "Assembly-CSharp-Editor.csproj", "{CFC4CF71-7266-73C4-B820-39D7703DF95D}"
EndProject
Global
	GlobalSection(SolutionConfigurationPlatforms) = preSolution
		Debug|Any CPU = Debug|Any CPU
		Release|Any CPU = Release|Any CPU
	EndGlobalSection
	GlobalSection(ProjectConfigurationPlatforms) = postSolution
		{0EF245E1-BE48-C06C-F91C-B47FD0E55C74}.Debug|Any CPU.ActiveCfg = Debug|Any CPU
		{0EF245E1-BE48-C06C-F91C-B47FD0E55C74}.Debug|Any CPU.Build.0 = Debug|Any CPU
		{0EF245E1-BE48-C06C-F91C-B47FD0E55C74}.Release|Any CPU.ActiveCfg = Release|Any CPU
		{0EF245E1-BE48-C06C-F91C-B47FD0E55C74}.Release|Any CPU.Build.0 = Release|Any CPU
		{CFC4CF71-7266-73C4-B820-39D7703DF95D}.Debug|Any CPU.ActiveCfg = Debug|Any CPU
		{CFC4CF71-7266-73C4-B820-39D7703DF95D}.Debug|Any CPU.Build.0 = Debug|Any CPU
		{CFC4CF71-7266-73C4-B820-39D7703DF95D}.Release|Any CPU.ActiveCfg = Release|Any CPU
		{CFC4CF71-7266-73C4-B820-39D7703DF95D}.Release|Any CPU.Build.0 = Release|Any CPU
	EndGlobalSection
	GlobalSection(SolutionProperties) = preSolution
		HideSolutionNode = FALSE
	EndGlobalSection
EndGlobal
